
Microsoft Visual Studio Solution File, Format Version 12.00
# Visual Studio Version 17
VisualStudioVersion = 17.14.36221.1 d17.14
MinimumVisualStudioVersion = 10.0.40219.1
Project("{FAE04EC0-301F-11D3-BF4B-00C04F79EFBC}") = "24SOECE13042_Tiya sangani", "24SOECE13042_Tiya sangani.csproj", "{A38AF0B3-3FED-4B72-9CB5-9DFF9946684A}"
EndProject
Global
	GlobalSection(SolutionConfigurationPlatforms) = preSolution
		Debug|Any CPU = Debug|Any CPU
		Release|Any CPU = Release|Any CPU
	EndGlobalSection
	GlobalSection(ProjectConfigurationPlatforms) = postSolution
		{A38AF0B3-3FED-4B72-9CB5-9DFF9946684A}.Debug|Any CPU.ActiveCfg = Debug|Any CPU
		{A38AF0B3-3FED-4B72-9CB5-9DFF9946684A}.Debug|Any CPU.Build.0 = Debug|Any CPU
		{A38AF0B3-3FED-4B72-9CB5-9DFF9946684A}.Release|Any CPU.ActiveCfg = Release|Any CPU
		{A38AF0B3-3FED-4B72-9CB5-9DFF9946684A}.Release|Any CPU.Build.0 = Release|Any CPU
	EndGlobalSection
	GlobalSection(SolutionProperties) = preSolution
		HideSolutionNode = FALSE
	EndGlobalSection
	GlobalSection(ExtensibilityGlobals) = postSolution
		SolutionGuid = {7C0AD0D0-CC07-4213-B794-3B9446B95F71}
	EndGlobalSection
EndGlobal
